
Microsoft Visual Studio Solution File, Format Version 12.00
# Visual Studio Version 17
VisualStudioVersion = 17.5.33502.453
MinimumVisualStudioVersion = 10.0.40219.1
Project("{FAE04EC0-301F-11D3-BF4B-00C04F79EFBC}") = "WinFormsControlsListingsAdvApp", "WinFormsControlsListingsAdvApp\WinFormsControlsListingsAdvApp.csproj", "{D6BB1F5D-02D7-4648-AFC8-51B686B5BC04}"
EndProject
Global
	GlobalSection(SolutionConfigurationPlatforms) = preSolution
		Debug|Any CPU = Debug|Any CPU
		Release|Any CPU = Release|Any CPU
	EndGlobalSection
	GlobalSection(ProjectConfigurationPlatforms) = postSolution
		{D6BB1F5D-02D7-4648-AFC8-51B686B5BC04}.Debug|Any CPU.ActiveCfg = Debug|Any CPU
		{D6BB1F5D-02D7-4648-AFC8-51B686B5BC04}.Debug|Any CPU.Build.0 = Debug|Any CPU
		{D6BB1F5D-02D7-4648-AFC8-51B686B5BC04}.Release|Any CPU.ActiveCfg = Release|Any CPU
		{D6BB1F5D-02D7-4648-AFC8-51B686B5BC04}.Release|Any CPU.Build.0 = Release|Any CPU
	EndGlobalSection
	GlobalSection(SolutionProperties) = preSolution
		HideSolutionNode = FALSE
	EndGlobalSection
	GlobalSection(ExtensibilityGlobals) = postSolution
		SolutionGuid = {E94A8E8C-794E-4D6F-A030-6246004ACC7C}
	EndGlobalSection
EndGlobal
